github.com/NebulousLabs/go-UpnP v0.0.0-20181203152547-b32978b8ccbf h1:W7P3bv/G1dqsdsc+L2iZZRKHLSA3akIJm14wwaLxETM=
github.com/NebulousLabs/go-UpnP v0.0.0-20181203152547-b32978b8ccbf/go.mod h1:T0vQBt4b6iPDbP21SrsJ6e3E3gbPa9LAhWDZB6pFRcg=
github.com/aead/skein v0.0.0-20160722084837-9365ae6e95d2 h1:q5TSngwXJdajCyZPQR+eKyRRgI3/ZXC/Nq1ZxZ4Zxu8=
github.com/aead/skein v0.0.0-20160722084837-9365ae6e95d2/go.mod h1:4JBZEId5BaLqvA2DGU53phvwkn2WpeLhNSF79/uKBPs=
github.com/awalterschulze/gographviz v0.0.0-20190221210632-1e9ccb565bca h1:xwIXr1FpA2XBoohlpvgb11No/zbsh5Clm/98PWPcHVA=
github.com/awalterschulze/gographviz v0.0.0-20190221210632-1e9ccb565bca/go.mod h1:GEV5wmg4YquNw7v1kkyoX9etIk8yVmXj+AkDHuuETHs=
github.com/bitgoin/lyra2rev2 v0.0.0-20161212102046-bae9ad2043bb h1:2FbdV3Tfmli5z4jYgKrosbBRAA48PtYbt4igU5HaXY4=
github.com/bitgoin/lyra2rev2 v0.0.0-20161212102046-bae9ad2043bb/go.mod h1:0vfuB+dfDvUoqr7oGBAZzGvaAyxfKFsYnRwUrNM4ft8=
github.com/boltdb/bolt v1.3.1 h1:JQmyP4ZBrce+ZQu0dY660FMfatumYDLun9hBCUVIkF4=
github.com/boltdb/bolt v1.3.1/go.mod h1:clJnj/oiGkjum5o1McbSZDSLxVThjynRyGBgiAx27Ps=
github.com/dchest/blake256 v1.0.0 h1:6gUgI5MHdz9g0TdrgKqXsoDX+Zjxmm1Sc6OsoGru50I=
github.com/dchest/blake256 v1.0.0/go.mod h1:xXNWCE1jsAP8DAjP+rKw2MbeqLczjI3TRx2VK+9OEYY=
github.com/deedlefake/crypto v0.0.0-20170910233742-2f50d39c528d h1:VYVHLQKM6mIZviKEl8HNTuUbc+EySb4ocXVJ7Uhmdfc=
github.com/deedlefake/crypto v0.0.0-20170910233742-2f50d39c528d/go.mod h1:8zz4a7rzvyYz9lIWQoIAc4oUS9IReAEiD0YtkyHfrr4=
github.com/fatih/color v1.7.0 h1:DkWD4oS2D8LGGgTQ6IvwJJXSL5Vp2ffcQg58nFV38Ys=
github.com/fatih/color v1.7.0/go.mod h1:Zm6kSWBoL9eyXnKyktHP6abPY2pDugNf5KwzbycvMj4=
github.com/getlantern/deepcopy v0.0.0-20160317154340-7f45deb8130a h1:yU/FENpkHYISWsQrbr3pcZOBj0EuRjPzNc1+dTCLu44=
github.com/getlantern/deepcopy v0.0.0-20160317154340-7f45deb8130a/go.mod h1:AEugkNu3BjBxyz958nJ5holD9PRjta6iprcoUauDbU4=
github.com/howeyc/gopass v0.0.0-20170109162249-bf9dde6d0d2c h1:kQWxfPIHVLbgLzphqk3QUflDy9QdksZR4ygR807bpy0=
github.com/howeyc/gopass v0.0.0-20170109162249-bf9dde6d0d2c/go.mod h1:lADxMC39cJJqL93Duh1xhAs4I2Zs8mKS89XWXFGp9cs=
github.com/jackpal/gateway v1.0.5 h1:qzXWUJfuMdlLMtt0a3Dgt+xkWQiA5itDEITVJtuSwMc=
github.com/jackpal/gateway v1.0.5/go.mod h1:lTpwd4ACLXmpyiCTRtfiNyVnUmqT9RivzCDQetPfnjA=
github.com/jackpal/go-nat-pmp v0.0.0-20181021122511-d89d09f6f332 h1:taVnlVCxVFm9YTGyVhvCXxFii5jzI2HRRWvJzRTg+LY=
github.com/jackpal/go-nat-pmp v0.0.0-20181021122511-d89d09f6f332/go.mod h1:QPH045xvCAeXUZOxsnwmrtiCoxIr9eob+4orBN1SBKc=
github.com/jackpal/go-nat-pmp v1.0.1 h1:i0LektDkO1QlrTm/cSuP+PyBCDnYvjPLGl4LdWEMiaA=
github.com/jackpal/go-nat-pmp v1.0.1/go.mod h1:QPH045xvCAeXUZOxsnwmrtiCoxIr9eob+4orBN1SBKc=
github.com/jessevdk/go-flags v1.4.0 h1:4IU2WS7AumrZ/40jfhf4QVDMsQwqA7VEHozFRrGARJA=
github.com/jessevdk/go-flags v1.4.0/go.mod h1:4FA24M0QyGHXBuZZK/XkWh8h0e1EYbRYJSGM75WSRxI=
github.com/mattn/go-colorable v0.1.1 h1:G1f5SKeVxmagw/IyvzvtZE4Gybcc4Tr1tf7I8z0XgOg=
github.com/mattn/go-colorable v0.1.1/go.mod h1:FuOcm+DKB9mbwrcAfNl7/TZVBZ6rcnceauSikq3lYCQ=
github.com/mattn/go-isatty v0.0.5/go.mod h1:Iq45c/XA43vh69/j3iqttzPXn0bhXyGjM0Hdxcsrc5s=
github.com/mattn/go-isatty v0.0.6 h1:SrwhHcpV4nWrMGdNcC2kXpMfcBVYGDuTArqyhocJgvA=
github.com/mattn/go-isatty v0.0.6/go.mod h1:Iq45c/XA43vh69/j3iqttzPXn0bhXyGjM0Hdxcsrc5s=
github.com/mit-dci/lit v0.0.0-20190206212915-7a22842c6316 h1:L87r0cDfpXMUfxzHplFtRW9X3uduKO9N9q6NeRGe/vc=
github.com/mit-dci/lit v0.0.0-20190206212915-7a22842c6316/go.mod h1:rc4TdU788+TZDGLPK7wvWZ3jGtoLHdtaMPNUmumnUMY=
github.com/vertcoin/lyra2re v0.0.0-20170910033546-8bfa142041c2 h1:xf2HNsfB8pLNxjeWq3/LSPel2FiBhzF+ouaoquGPpvc=
github.com/vertcoin/lyra2re v0.0.0-20170910033546-8bfa142041c2/go.mod h1:nzsIXJSsbS8epdXKijPDv2EmN40Vp0KzIwniHMnygHY=
gitlab.com/NebulousLabs/fastrand v0.0.0-20181126182046-603482d69e40 h1:dizWJqTWjwyD8KGcMOwgrkqu1JIkofYgKkmDeNE7oAs=
gitlab.com/NebulousLabs/fastrand v0.0.0-20181126182046-603482d69e40/go.mod h1:rOnSnoRyxMI3fe/7KIbVcsHRGxe30OONv8dEgo+vCfA=
gitlab.com/NebulousLabs/go-upnp v0.0.0-20181011194642-3a71999ed0d3 h1:qXqiXDgeQxspR3reot1pWme00CX1pXbxesdzND+EjbU=
gitlab.com/NebulousLabs/go-upnp v0.0.0-20181011194642-3a71999ed0d3/go.mod h1:sleOmkovWsDEQVYXmOJhx69qheoMTmCuPYyiCFCihlg=
golang.org/x/crypto v0.0.0-20190228161510-8dd112bcdc25 h1:jsG6UpNLt9iAsb0S2AGW28DveNzzgmbXR+ENoPjUeIU=
golang.org/x/crypto v0.0.0-20190228161510-8dd112bcdc25/go.mod h1:djNgcEr1/C05ACkg1iLfiJU5Ep61QUkGW8qpdssI0+w=
golang.org/x/net v0.0.0-20190228165749-92fc7df08ae7 h1:Qe/u+eY379X4He4GBMFZYu3pmh1ML5yT1aL1ndNM1zQ=
golang.org/x/net v0.0.0-20190228165749-92fc7df08ae7/go.mod h1:mL1N/T3taQHkDXs73rZJwtUhF3w3ftmwwsq0BUmARs4=
golang.org/x/net v0.0.0-20190301231341-16b79f2e4e95 h1:fY7Dsw114eJN4boqzVSbpVHO6rTdhq6/GnXeu+PKnzU=
golang.org/x/net v0.0.0-20190301231341-16b79f2e4e95/go.mod h1:mL1N/T3taQHkDXs73rZJwtUhF3w3ftmwwsq0BUmARs4=
golang.org/x/sys v0.0.0-20190215142949-d0b11bdaac8a h1:1BGLXjeY4akVXGgbC9HugT3Jv3hCI0z56oJR5vAMgBU=
golang.org/x/sys v0.0.0-20190215142949-d0b11bdaac8a/go.mod h1:STP8DvDyc/dI5b8T5hshtkjS+E42TnysNCUPdjciGhY=
golang.org/x/sys v0.0.0-20190222072716-a9d3bda3a223 h1:DH4skfRX4EBpamg7iV4ZlCpblAHI6s6TDM39bFZumv8=
golang.org/x/sys v0.0.0-20190222072716-a9d3bda3a223/go.mod h1:STP8DvDyc/dI5b8T5hshtkjS+E42TnysNCUPdjciGhY=
golang.org/x/sys v0.0.0-20190306155319-3e9a981b8ddb h1:xIUJ1YHSR/6NhHkg597Yw0jPKhHGJmQfc8CzOmXgEco=
golang.org/x/sys v0.0.0-20190306155319-3e9a981b8ddb/go.mod h1:STP8DvDyc/dI5b8T5hshtkjS+E42TnysNCUPdjciGhY=
golang.org/x/sys v0.0.0-20190306171555-70f529850638 h1:wOksKEm2VKrhZsILdk+n2+1sPW/tMQVh9mvK95SpVYs=
golang.org/x/sys v0.0.0-20190306171555-70f529850638/go.mod h1:STP8DvDyc/dI5b8T5hshtkjS+E42TnysNCUPdjciGhY=
golang.org/x/text v0.3.0 h1:g61tztE5qeGQ89tm6NTjjM9VPIm088od1l6aSorWRWg=
golang.org/x/text v0.3.0/go.mod h1:NqM8EUOU14njkJ3fqMW+pc6Ldnwhi/IjpwHt7yyuwOQ=
